{
  "name": "semantic-sniffer",
  "version": "0.0.0",
  "lockfileVersion": 1,
  "requires": true,
  "dependencies": {
    "nan": {
      "version": "2.14.2",
      "resolved": "https://registry.npmjs.org/nan/-/nan-2.14.2.tgz",
      "integrity": "sha512-M2ufzIiINKCuDfBSAUr1vWQ+vuVcA9kqx8JJUsbQi6yf1uGRyb7HfpdfUr5qLXf3B/t8dPvcjhKMmlfnP47EzQ=="
    },
    "tree-sitter-java": {
      "version": "0.16.0",
      "resolved": "https://registry.npmjs.org/tree-sitter-java/-/tree-sitter-java-0.16.0.tgz",
      "integrity": "sha512-oTBBh5C3FuXr8UmDMMrCOBht44Er/QmRijmNu9dGxFQms2L7IhgQN0G39+0fNoV2QwlyE6OQJgJHPMf3ZLb69Q==",
      "requires": {
        "nan": "^2.12.1"
      }
    }
  }
}
